{
  "requires": true,
  "lockfileVersion": 1,
  "dependencies": {
    "@popperjs/core": {
      "version": "2.11.4",
      "resolved": "https://registry.npmjs.org/@popperjs/core/-/core-2.11.4.tgz",
      "integrity": "sha512-q/ytXxO5NKvyT37pmisQAItCFqA7FD/vNb8dgaJy3/630Fsc+Mz9/9f2SziBoIZ30TJooXyTwZmhi1zjXmObYg=="
    },
    "@vant/icons": {
      "version": "1.7.3",
      "resolved": "https://registry.npmjs.org/@vant/icons/-/icons-1.7.3.tgz",
      "integrity": "sha512-tW4EqzxN4kXw1rnlnQJQHofEifPbt/gECOWiibomht8QLyvoGuE4iUmDFS288dJ07ZjuTy0bhdABj0SENo2fmQ=="
    },
    "@vant/popperjs": {
      "version": "1.1.0",
      "resolved": "https://registry.npmjs.org/@vant/popperjs/-/popperjs-1.1.0.tgz",
      "integrity": "sha512-8MD1gz146awV/uPxYjz4pet22f7a9YVKqk7T+gFkWFwT9mEcrIUEg/xPrdOnWKLP9puXyYtm7oVfSDSefZ/p/w==",
      "requires": {
        "@popperjs/core": "^2.9.2"
      }
    },
    "@vant/use": {
      "version": "1.3.6",
      "resolved": "https://registry.npmjs.org/@vant/use/-/use-1.3.6.tgz",
      "integrity": "sha512-3z+nywPaV2F5BdJO7RQxWlgfzJeEOmViD2yHMb7Tg+R4NR/7iQskqW8v2Cnv9FWSJgTOSHlcr7UzeLpiTAP4HA=="
    },
    "vant": {
      "version": "3.4.6",
      "resolved": "https://registry.npmjs.org/vant/-/vant-3.4.6.tgz",
      "integrity": "sha512-Ol1xhEXn2wjBAWqCyr4/0EKTCQEYbAzKyOP+bKYIWl+fbJXme8Aza5soeKvWA2KD9ZBU0qS7yBVGpr+76xUEXQ==",
      "requires": {
        "@vant/icons": "^1.7.1",
        "@vant/popperjs": "^1.1.0",
        "@vant/use": "^1.3.6"
      }
    }
  }
}
