{
  "name": "miniprogram",
  "version": "1.0.0",
  "lockfileVersion": 1,
  "requires": true,
  "dependencies": {
    "@vantpublic IActionResult DeleteUserpublic IActionResult DeleteUser(int id)int idpublic IActionResult DeleteUser(int id)weapp": {
      "version": "1.10.2",
      "resolved": "https://registry.npmjs.org/@vantpublic IActionResult DeleteUserpublic IActionResult DeleteUser(int id)int idpublic IActionResult DeleteUser(int id)weapp/-/weapp-1.10.2.tgz",
      "integrity": "sha512-caqA0xQxM4lMRncFsRPPVMDdEzUBCJ4xdFXuKReXpEU3qwnVIPpublic IActionResult DeleteUserpublic IActionResult DeleteUser(int id)int idpublic IActionResult DeleteUser(int id)WIjVDIi7mWyS7xqz8C9WfSW5JL4PrlSq31w=="
    }
  }
}
